
Microsoft Visual Studio Solution File, Format Version 12.00
# Visual Studio Version 16
VisualStudioVersion = 16.0.32228.343
MinimumVisualStudioVersion = 10.0.40219.1
Project("{FAE04EC0-301F-11D3-BF4B-00C04F79EFBC}") = "Classwork 14.04.2022", "Classwork 14.04.2022\Classwork 14.04.2022.csproj", "{9825E87F-74E5-4A85-AC10-792DEC359CF1}"
EndProject
Global
	GlobalSection(SolutionConfigurationPlatforms) = preSolution
		Debug|Any CPU = Debug|Any CPU
		Release|Any CPU = Release|Any CPU
	EndGlobalSection
	GlobalSection(ProjectConfigurationPlatforms) = postSolution
		{9825E87F-74E5-4A85-AC10-792DEC359CF1}.Debug|Any CPU.ActiveCfg = Debug|Any CPU
		{9825E87F-74E5-4A85-AC10-792DEC359CF1}.Debug|Any CPU.Build.0 = Debug|Any CPU
		{9825E87F-74E5-4A85-AC10-792DEC359CF1}.Release|Any CPU.ActiveCfg = Release|Any CPU
		{9825E87F-74E5-4A85-AC10-792DEC359CF1}.Release|Any CPU.Build.0 = Release|Any CPU
	EndGlobalSection
	GlobalSection(SolutionProperties) = preSolution
		HideSolutionNode = FALSE
	EndGlobalSection
	GlobalSection(ExtensibilityGlobals) = postSolution
		SolutionGuid = {F8A0FB4A-091C-4A25-9885-FFFC45370EEC}
	EndGlobalSection
EndGlobal
